
Microsoft Visual Studio Solution File, Format Version 12.00
# Visual Studio 15
VisualStudioVersion = 15.0.27130.2027
MinimumVisualStudioVersion = 10.0.40219.1
Project("{FAE04EC0-301F-11D3-BF4B-00C04F79EFBC}") = "Strategy_After", "src\Strategy_After\Strategy_After.csproj", "{02A7376F-CAA1-4E35-826E-C239632BA6CC}"
EndProject
Project("{FAE04EC0-301F-11D3-BF4B-00C04F79EFBC}") = "Strategy_Before", "src\Strategy_Before\Strategy_Before.csproj", "{80727DF5-8203-403F-96BE-08E892C473C0}"
EndProject
Project("{FAE04EC0-301F-11D3-BF4B-00C04F79EFBC}") = "Strategy_After_Variation", "src\Strategy_After_Variation\Strategy_After_Variation.csproj", "{D49747FE-2AF3-423E-80CC-FA6E4E76BC5D}"
EndProject
Global
	GlobalSection(SolutionConfigurationPlatforms) = preSolution
		Debug|Any CPU = Debug|Any CPU
		Release|Any CPU = Release|Any CPU
	EndGlobalSection
	GlobalSection(ProjectConfigurationPlatforms) = postSolution
		{02A7376F-CAA1-4E35-826E-C239632BA6CC}.Debug|Any CPU.ActiveCfg = Debug|Any CPU
		{02A7376F-CAA1-4E35-826E-C239632BA6CC}.Debug|Any CPU.Build.0 = Debug|Any CPU
		{02A7376F-CAA1-4E35-826E-C239632BA6CC}.Release|Any CPU.ActiveCfg = Release|Any CPU
		{02A7376F-CAA1-4E35-826E-C239632BA6CC}.Release|Any CPU.Build.0 = Release|Any CPU
		{80727DF5-8203-403F-96BE-08E892C473C0}.Debug|Any CPU.ActiveCfg = Debug|Any CPU
		{80727DF5-8203-403F-96BE-08E892C473C0}.Debug|Any CPU.Build.0 = Debug|Any CPU
		{80727DF5-8203-403F-96BE-08E892C473C0}.Release|Any CPU.ActiveCfg = Release|Any CPU
		{80727DF5-8203-403F-96BE-08E892C473C0}.Release|Any CPU.Build.0 = Release|Any CPU
		{D49747FE-2AF3-423E-80CC-FA6E4E76BC5D}.Debug|Any CPU.ActiveCfg = Debug|Any CPU
		{D49747FE-2AF3-423E-80CC-FA6E4E76BC5D}.Debug|Any CPU.Build.0 = Debug|Any CPU
		{D49747FE-2AF3-423E-80CC-FA6E4E76BC5D}.Release|Any CPU.ActiveCfg = Release|Any CPU
		{D49747FE-2AF3-423E-80CC-FA6E4E76BC5D}.Release|Any CPU.Build.0 = Release|Any CPU
	EndGlobalSection
	GlobalSection(SolutionProperties) = preSolution
		HideSolutionNode = FALSE
	EndGlobalSection
	GlobalSection(ExtensibilityGlobals) = postSolution
		SolutionGuid = {7CC1F5C5-77A0-47F3-A973-C608D9299278}
	EndGlobalSection
	GlobalSection(SubversionScc) = preSolution
		Svn-Managed = True
		Manager = AnkhSVN - Subversion Support for Visual Studio
	EndGlobalSection
EndGlobal
